
Microsoft Visual Studio Solution File, Format Version 12.00
Project("{FAE04EC0-301F-11D3-BF4B-00C04F79EFBC}") = "cw6", "cw6\cw6.csproj", "{197C6CC0-A418-4961-A963-7661AD410420}"
EndProject
Global
	GlobalSection(SolutionConfigurationPlatforms) = preSolution
		Debug|Any CPU = Debug|Any CPU
		Release|Any CPU = Release|Any CPU
	EndGlobalSection
	GlobalSection(ProjectConfigurationPlatforms) = postSolution
		{197C6CC0-A418-4961-A963-7661AD410420}.Debug|Any CPU.ActiveCfg = Debug|Any CPU
		{197C6CC0-A418-4961-A963-7661AD410420}.Debug|Any CPU.Build.0 = Debug|Any CPU
		{197C6CC0-A418-4961-A963-7661AD410420}.Release|Any CPU.ActiveCfg = Release|Any CPU
		{197C6CC0-A418-4961-A963-7661AD410420}.Release|Any CPU.Build.0 = Release|Any CPU
	EndGlobalSection
EndGlobal
